
Microsoft Visual Studio Solution File, Format Version 12.00
# Visual Studio Version 16
VisualStudioVersion = 16.0.30104.148
MinimumVisualStudioVersion = 10.0.40219.1
Project("{888888A0-9F3D-457C-B088-3A5042F75D52}") = "15_queens", "15_queens.pyproj", "{C00BD494-E6D9-443A-8F54-9A10FCB73BFF}"
EndProject
Global
	GlobalSection(SolutionConfigurationPlatforms) = preSolution
		Debug|Any CPU = Debug|Any CPU
		Release|Any CPU = Release|Any CPU
	EndGlobalSection
	GlobalSection(ProjectConfigurationPlatforms) = postSolution
		{C00BD494-E6D9-443A-8F54-9A10FCB73BFF}.Debug|Any CPU.ActiveCfg = Debug|Any CPU
		{C00BD494-E6D9-443A-8F54-9A10FCB73BFF}.Release|Any CPU.ActiveCfg = Release|Any CPU
	EndGlobalSection
	GlobalSection(SolutionProperties) = preSolution
		HideSolutionNode = FALSE
	EndGlobalSection
	GlobalSection(ExtensibilityGlobals) = postSolution
		SolutionGuid = {E96D4EF2-D8AF-499C-BCC7-E401CC06EEA1}
	EndGlobalSection
EndGlobal
